
Microsoft Visual Studio Solution File, Format Version 12.00
# Visual Studio Version 16
VisualStudioVersion = 16.0.30114.105
MinimumVisualStudioVersion = 10.0.40219.1
Project("{2150E333-8FDC-42A3-9474-1A3956D46DE8}") = "src", "src", "{0FEF1298-9290-470F-A6A2-A70207D47184}"
EndProject
Project("{FAE04EC0-301F-11D3-BF4B-00C04F79EFBC}") = "CommandAPI", "src\CommandAPI\CommandAPI.csproj", "{E2F11FBA-0CCC-42A9-B8BD-210E3C888E2C}"
EndProject
Project("{2150E333-8FDC-42A3-9474-1A3956D46DE8}") = "test", "test", "{B5B0C485-CF5C-468E-9454-9F6ECE4E61F8}"
EndProject
Project("{FAE04EC0-301F-11D3-BF4B-00C04F79EFBC}") = "CommandAPI.Tests", "test\CommandAPI.Tests\CommandAPI.Tests.csproj", "{2A4AE52E-AAD6-4EC9-B829-12006B825440}"
EndProject
Global
	GlobalSection(SolutionConfigurationPlatforms) = preSolution
		Debug|Any CPU = Debug|Any CPU
		Release|Any CPU = Release|Any CPU
	EndGlobalSection
	GlobalSection(SolutionProperties) = preSolution
		HideSolutionNode = FALSE
	EndGlobalSection
	GlobalSection(ProjectConfigurationPlatforms) = postSolution
		{E2F11FBA-0CCC-42A9-B8BD-210E3C888E2C}.Debug|Any CPU.ActiveCfg = Debug|Any CPU
		{E2F11FBA-0CCC-42A9-B8BD-210E3C888E2C}.Debug|Any CPU.Build.0 = Debug|Any CPU
		{E2F11FBA-0CCC-42A9-B8BD-210E3C888E2C}.Release|Any CPU.ActiveCfg = Release|Any CPU
		{E2F11FBA-0CCC-42A9-B8BD-210E3C888E2C}.Release|Any CPU.Build.0 = Release|Any CPU
		{2A4AE52E-AAD6-4EC9-B829-12006B825440}.Debug|Any CPU.ActiveCfg = Debug|Any CPU
		{2A4AE52E-AAD6-4EC9-B829-12006B825440}.Debug|Any CPU.Build.0 = Debug|Any CPU
		{2A4AE52E-AAD6-4EC9-B829-12006B825440}.Release|Any CPU.ActiveCfg = Release|Any CPU
		{2A4AE52E-AAD6-4EC9-B829-12006B825440}.Release|Any CPU.Build.0 = Release|Any CPU
	EndGlobalSection
	GlobalSection(NestedProjects) = preSolution
		{E2F11FBA-0CCC-42A9-B8BD-210E3C888E2C} = {0FEF1298-9290-470F-A6A2-A70207D47184}
		{2A4AE52E-AAD6-4EC9-B829-12006B825440} = {B5B0C485-CF5C-468E-9454-9F6ECE4E61F8}
	EndGlobalSection
EndGlobal
